{
  "requires": true,
  "lockfileVersion": 1,
  "dependencies": {
    "chartkick": {
      "version": "2.3.6",
      "resolved": "https://registry.npmjs.org/chartkick/-/chartkick-2.3.6.tgz",
      "integrity": "sha512-emlZMrNmyNq7M3+YhTbKLqM2tvm77WztvHvoYBtNdznFylt4oGDKeO5vOi+RR0RYfzquAhHWTaPfBcUzRBdY7Q=="
    },
    "deep-equal": {
      "version": "1.0.1",
      "resolved": "https://registry.npmjs.org/deep-equal/-/deep-equal-1.0.1.tgz",
      "integrity": "sha1-9dJgKStmDghO/0zbyfCK0yR0SLU="
    },
    "vue-chartkick": {
      "version": "0.3.3",
      "resolved": "https://registry.npmjs.org/vue-chartkick/-/vue-chartkick-0.3.3.tgz",
      "integrity": "sha512-78HbvrkHo09EaY0Oo3QMLcR/8wHgjI1fsFT1YYh97ZJYJ+S1EaBdl3lTK5vonb3VbKMg/pKO2XwNmz/AWMTevQ==",
      "requires": {
        "chartkick": "2.3.6",
        "deep-equal": "1.0.1"
      }
    }
  }
}
